
Microsoft Visual Studio Solution File, Format Version 12.00
# Visual Studio Version 16
VisualStudioVersion = 16.0.29613.14
MinimumVisualStudioVersion = 10.0.40219.1
Project("{FAE04EC0-301F-11D3-BF4B-00C04F79EFBC}") = "BigSchool-HoangNghiaTuan-1711062296", "BigSchool-HoangNghiaTuan-1711062296/BigSchool-HoangNghiaTuan-1711062296.csproj", "{B27FE963-AE11-4176-9AE3-C2CBD3B0E445}"
EndProject
Global
	GlobalSection(SolutionConfigurationPlatforms) = preSolution
		Debug|Any CPU = Debug|Any CPU
		Release|Any CPU = Release|Any CPU
	EndGlobalSection
	GlobalSection(ProjectConfigurationPlatforms) = postSolution
		{B27FE963-AE11-4176-9AE3-C2CBD3B0E445}.Debug|Any CPU.ActiveCfg = Debug|Any CPU
		{B27FE963-AE11-4176-9AE3-C2CBD3B0E445}.Debug|Any CPU.Build.0 = Debug|Any CPU
		{B27FE963-AE11-4176-9AE3-C2CBD3B0E445}.Release|Any CPU.ActiveCfg = Release|Any CPU
		{B27FE963-AE11-4176-9AE3-C2CBD3B0E445}.Release|Any CPU.Build.0 = Release|Any CPU
	EndGlobalSection
	GlobalSection(SolutionProperties) = preSolution
		HideSolutionNode = FALSE
	EndGlobalSection
	GlobalSection(ExtensibilityGlobals) = postSolution
		SolutionGuid = {D42CE509-03AA-43C4-B3D6-1504E4C15001}
	EndGlobalSection
EndGlobal
